
Microsoft Visual Studio Solution File, Format Version 12.00
# Visual Studio Version 17
VisualStudioVersion = 17.4.33213.308
MinimumVisualStudioVersion = 10.0.40219.1
Project("{9A19103F-16F7-4668-BE54-9A1E7A4F7556}") = "IcoCurType", "IcoCurType.csproj", "{35EE39DC-CBA2-492F-8809-484DA274B12B}"
EndProject
Global
	GlobalSection(SolutionConfigurationPlatforms) = preSolution
		Debug|Any CPU = Debug|Any CPU
		Release|Any CPU = Release|Any CPU
	EndGlobalSection
	GlobalSection(ProjectConfigurationPlatforms) = postSolution
		{35EE39DC-CBA2-492F-8809-484DA274B12B}.Debug|Any CPU.ActiveCfg = Debug|Any CPU
		{35EE39DC-CBA2-492F-8809-484DA274B12B}.Debug|Any CPU.Build.0 = Debug|Any CPU
		{35EE39DC-CBA2-492F-8809-484DA274B12B}.Release|Any CPU.ActiveCfg = Release|Any CPU
		{35EE39DC-CBA2-492F-8809-484DA274B12B}.Release|Any CPU.Build.0 = Release|Any CPU
	EndGlobalSection
	GlobalSection(SolutionProperties) = preSolution
		HideSolutionNode = FALSE
	EndGlobalSection
	GlobalSection(ExtensibilityGlobals) = postSolution
		SolutionGuid = {2066B32D-9506-478A-84FB-AFFFD71B1D3F}
	EndGlobalSection
EndGlobal
